Microsoft Visual Studio Solution File, Format Version 12.00
# Visual Studio Version 16
VisualStudioVersion = 16.0.32630.194
MinimumVisualStudioVersion = 10.0.40219.1
Project("{FAE04EC0-301F-11D3-BF4B-00C04F79EFBC}") = "InteractionInjection", "InteractionInjection\InteractionInjection.csproj", "{8CF29A77-7391-4BAE-962F-B49998E4FCD6}"
EndProject
Global
	GlobalSection(SolutionConfigurationPlatforms) = preSolution
		Debug|Any CPU = Debug|Any CPU
		Release|Any CPU = Release|Any CPU
	EndGlobalSection
	GlobalSection(ProjectConfigurationPlatforms) = postSolution
		{8CF29A77-7391-4BAE-962F-B49998E4FCD6}.Debug|Any CPU.ActiveCfg = Debug|Any CPU
		{8CF29A77-7391-4BAE-962F-B49998E4FCD6}.Debug|Any CPU.Build.0 = Debug|Any CPU
		{8CF29A77-7391-4BAE-962F-B49998E4FCD6}.Release|Any CPU.ActiveCfg = Release|Any CPU
		{8CF29A77-7391-4BAE-962F-B49998E4FCD6}.Release|Any CPU.Build.0 = Release|Any CPU
	EndGlobalSection
	GlobalSection(SolutionProperties) = preSolution
		HideSolutionNode = FALSE
	EndGlobalSection
	GlobalSection(ExtensibilityGlobals) = postSolution
		SolutionGuid = {1AB6A77E-B622-4509-B507-691C8645B130}
	EndGlobalSection
EndGlobal
